Microsoft Visual Studio Solution File, Format Version 12.00
# Visual Studio Version 16
VisualStudioVersion = 16.0.30320.27
MinimumVisualStudioVersion = 10.0.40219.1
Project("{FAE04EC0-301F-11D3-BF4B-00C04F79EFBC}") = "XmlTests", "XmlTests\XmlTests.csproj", "{FC593BF3-46B3-4B11-9FDC-8084DD6B54F8}"
EndProject
Project("{9A19103F-16F7-4668-BE54-9A1E7A4F7556}") = "Tests", "Tests\Tests.csproj", "{93EA589A-0168-44E8-97B7-804927917141}"
EndProject
Project("{9A19103F-16F7-4668-BE54-9A1E7A4F7556}") = "TransactionServiceExtensions", "TransactionServiceExtensions\TransactionServiceExtensions.csproj", "{6DB4A7E4-9C02-46F8-9A5B-525C4B2EC850}"
EndProject
Project("{9A19103F-16F7-4668-BE54-9A1E7A4F7556}") = "Benchmarks", "Benchmarks\Benchmarks.csproj", "{09330231-0580-40F2-AB96-6FE69D8E63CB}"
EndProject
Project("{9A19103F-16F7-4668-BE54-9A1E7A4F7556}") = "ConsoleApp1", "ConsoleApp1\ConsoleApp1.csproj", "{6939E582-8949-47AD-AA92-4239F9E6061A}"
EndProject
Project("{9A19103F-16F7-4668-BE54-9A1E7A4F7556}") = "Data", "Data\Data.csproj", "{0CC32ADC-5DA5-4961-9B47-E6C72F85F266}"
EndProject
Project("{FAE04EC0-301F-11D3-BF4B-00C04F79EFBC}") = "ClassLibrary1", "ClassLibrary1\ClassLibrary1.csproj", "{6D192759-38A0-4152-8C7F-707E45DC8593}"
EndProject
Global
	GlobalSection(SolutionConfigurationPlatforms) = preSolution
		Debug|Any CPU = Debug|Any CPU
		Release|Any CPU = Release|Any CPU
	EndGlobalSection
	GlobalSection(ProjectConfigurationPlatforms) = postSolution
		{FC593BF3-46B3-4B11-9FDC-8084DD6B54F8}.Debug|Any CPU.ActiveCfg = Debug|Any CPU
		{FC593BF3-46B3-4B11-9FDC-8084DD6B54F8}.Debug|Any CPU.Build.0 = Debug|Any CPU
		{FC593BF3-46B3-4B11-9FDC-8084DD6B54F8}.Release|Any CPU.ActiveCfg = Release|Any CPU
		{FC593BF3-46B3-4B11-9FDC-8084DD6B54F8}.Release|Any CPU.Build.0 = Release|Any CPU
		{93EA589A-0168-44E8-97B7-804927917141}.Debug|Any CPU.ActiveCfg = Debug|Any CPU
		{93EA589A-0168-44E8-97B7-804927917141}.Debug|Any CPU.Build.0 = Debug|Any CPU
		{93EA589A-0168-44E8-97B7-804927917141}.Release|Any CPU.ActiveCfg = Release|Any CPU
		{93EA589A-0168-44E8-97B7-804927917141}.Release|Any CPU.Build.0 = Release|Any CPU
		{6DB4A7E4-9C02-46F8-9A5B-525C4B2EC850}.Debug|Any CPU.ActiveCfg = Debug|Any CPU
		{6DB4A7E4-9C02-46F8-9A5B-525C4B2EC850}.Debug|Any CPU.Build.0 = Debug|Any CPU
		{6DB4A7E4-9C02-46F8-9A5B-525C4B2EC850}.Release|Any CPU.ActiveCfg = Release|Any CPU
		{6DB4A7E4-9C02-46F8-9A5B-525C4B2EC850}.Release|Any CPU.Build.0 = Release|Any CPU
		{09330231-0580-40F2-AB96-6FE69D8E63CB}.Debug|Any CPU.ActiveCfg = Debug|Any CPU
		{09330231-0580-40F2-AB96-6FE69D8E63CB}.Debug|Any CPU.Build.0 = Debug|Any CPU
		{09330231-0580-40F2-AB96-6FE69D8E63CB}.Release|Any CPU.ActiveCfg = Release|Any CPU
		{09330231-0580-40F2-AB96-6FE69D8E63CB}.Release|Any CPU.Build.0 = Release|Any CPU
		{6939E582-8949-47AD-AA92-4239F9E6061A}.Debug|Any CPU.ActiveCfg = Debug|Any CPU
		{6939E582-8949-47AD-AA92-4239F9E6061A}.Debug|Any CPU.Build.0 = Debug|Any CPU
		{6939E582-8949-47AD-AA92-4239F9E6061A}.Release|Any CPU.ActiveCfg = Release|Any CPU
		{6939E582-8949-47AD-AA92-4239F9E6061A}.Release|Any CPU.Build.0 = Release|Any CPU
		{0CC32ADC-5DA5-4961-9B47-E6C72F85F266}.Debug|Any CPU.ActiveCfg = Debug|Any CPU
		{0CC32ADC-5DA5-4961-9B47-E6C72F85F266}.Debug|Any CPU.Build.0 = Debug|Any CPU
		{0CC32ADC-5DA5-4961-9B47-E6C72F85F266}.Release|Any CPU.ActiveCfg = Release|Any CPU
		{0CC32ADC-5DA5-4961-9B47-E6C72F85F266}.Release|Any CPU.Build.0 = Release|Any CPU
		{6D192759-38A0-4152-8C7F-707E45DC8593}.Debug|Any CPU.ActiveCfg = Debug|Any CPU
		{6D192759-38A0-4152-8C7F-707E45DC8593}.Debug|Any CPU.Build.0 = Debug|Any CPU
		{6D192759-38A0-4152-8C7F-707E45DC8593}.Release|Any CPU.ActiveCfg = Release|Any CPU
		{6D192759-38A0-4152-8C7F-707E45DC8593}.Release|Any CPU.Build.0 = Release|Any CPU
	EndGlobalSection
	GlobalSection(SolutionProperties) = preSolution
		HideSolutionNode = FALSE
	EndGlobalSection
	GlobalSection(ExtensibilityGlobals) = postSolution
		SolutionGuid = {D0EE3D48-0776-438A-815E-34479EC26DDB}
	EndGlobalSection
EndGlobal
